
Microsoft Visual Studio Solution File, Format Version 12.00
# Visual Studio Version 16
VisualStudioVersion = 16.0.30413.136
MinimumVisualStudioVersion = 10.0.40219.1
Project("{FAE04EC0-301F-11D3-BF4B-00C04F79EFBC}") = "SpeakingInBits", "SpeakingInBits.csproj", "{67B0F868-97F6-4090-9FCF-E0EA8E212394}"
EndProject
Global
	GlobalSection(SolutionConfigurationPlatforms) = preSolution
		Debug|Any CPU = Debug|Any CPU
		Release|Any CPU = Release|Any CPU
	EndGlobalSection
	GlobalSection(ProjectConfigurationPlatforms) = postSolution
		{67B0F868-97F6-4090-9FCF-E0EA8E212394}.Debug|Any CPU.ActiveCfg = Debug|Any CPU
		{67B0F868-97F6-4090-9FCF-E0EA8E212394}.Debug|Any CPU.Build.0 = Debug|Any CPU
		{67B0F868-97F6-4090-9FCF-E0EA8E212394}.Release|Any CPU.ActiveCfg = Release|Any CPU
		{67B0F868-97F6-4090-9FCF-E0EA8E212394}.Release|Any CPU.Build.0 = Release|Any CPU
	EndGlobalSection
	GlobalSection(SolutionProperties) = preSolution
		HideSolutionNode = FALSE
	EndGlobalSection
	GlobalSection(ExtensibilityGlobals) = postSolution
		SolutionGuid = {4845407F-F07E-4C40-9679-A2F5BB3BD75B}
	EndGlobalSection
EndGlobal
